
Microsoft Visual Studio Solution File, Format Version 11.00
# Visual Studio 2010
Project("{FAE04EC0-301F-11D3-BF4B-00C04F79EFBC}") = "Hack", "Hack\Hack.csproj", "{91C67C7F-6FE1-4E18-8690-19894A4E4BE3}"
EndProject
Project("{FAE04EC0-301F-11D3-BF4B-00C04F79EFBC}") = "HotelService", "HotelService\HotelService.csproj", "{6580371E-875C-448E-9CA9-B6C2E40E8A28}"
EndProject
Global
	GlobalSection(SolutionConfigurationPlatforms) = preSolution
		Debug|Any CPU = Debug|Any CPU
		Release|Any CPU = Release|Any CPU
	EndGlobalSection
	GlobalSection(ProjectConfigurationPlatforms) = postSolution
		{91C67C7F-6FE1-4E18-8690-19894A4E4BE3}.Debug|Any CPU.ActiveCfg = Debug|Any CPU
		{91C67C7F-6FE1-4E18-8690-19894A4E4BE3}.Debug|Any CPU.Build.0 = Debug|Any CPU
		{91C67C7F-6FE1-4E18-8690-19894A4E4BE3}.Release|Any CPU.ActiveCfg = Release|Any CPU
		{91C67C7F-6FE1-4E18-8690-19894A4E4BE3}.Release|Any CPU.Build.0 = Release|Any CPU
		{6580371E-875C-448E-9CA9-B6C2E40E8A28}.Debug|Any CPU.ActiveCfg = Debug|Any CPU
		{6580371E-875C-448E-9CA9-B6C2E40E8A28}.Debug|Any CPU.Build.0 = Debug|Any CPU
		{6580371E-875C-448E-9CA9-B6C2E40E8A28}.Release|Any CPU.ActiveCfg = Release|Any CPU
		{6580371E-875C-448E-9CA9-B6C2E40E8A28}.Release|Any CPU.Build.0 = Release|Any CPU
	EndGlobalSection
	GlobalSection(SolutionProperties) = preSolution
		HideSolutionNode = FALSE
	EndGlobalSection
EndGlobal
